<?xml version="1.0" encoding="utf-8"?>
<Project ToolsVersion="4.0" xmlns="http://schemas.microsoft.com/developer/msbuild/2003">
  <ItemGroup>
    <Filter Include="Source Files">
      <UniqueIdentifier>{1515edb9-937a-4003-a326-33111afe7745}</UniqueIdentifier>
      <Extensions>cpp;c;cxx;rc;def;r;odl;idl;hpj;bat</Extensions>
    </Filter>
    <Filter Include="Header Files">
      <UniqueIdentifier>{94fa504f-111c-4798-840e-4d4eb922f39c}</UniqueIdentifier>
      <Extensions>h;hpp;hxx;hm;inl</Extensions>
    </Filter>
    <Filter Include="Resource Files">
      <UniqueIdentifier>{45eb0937-3ba7-4980-833e-4a990c9fc499}</UniqueIdentifier>
      <Extensions>ico;cur;bmp;dlg;rc2;rct;bin;rgs;gif;jpg;jpeg;jpe</Extensions>
    </Filter>
  </ItemGroup>
  <ItemGroup>
    <ClCompile Include="src\3dModel.cpp">
      <Filter>Source Files</Filter>
    </ClCompile>
    <ClCompile Include="src\AlgorithmsGroup.cpp">
      <Filter>Source Files</Filter>
    </ClCompile>
    <ClCompile Include="src\AlgosPanel.cpp">
      <Filter>Source Files</Filter>
    </ClCompile>
    <ClCompile Include="src\BlinkDetector.cpp">
      <Filter>Source Files</Filter>
    </ClCompile>
    <ClCompile Include="src\BlinkDetectState.cpp">
      <Filter>Source Files</Filter>
    </ClCompile>
    <ClCompile Include="src\BTETrackState.cpp">
      <Filter>Source Files</Filter>
    </ClCompile>
    <ClCompile Include="src\CalibrationState.cpp">
      <Filter>Source Files</Filter>
    </ClCompile>
    <ClCompile Include="src\CameraInfo.cpp">
      <Filter>Source Files</Filter>
    </ClCompile>
    <ClCompile Include="src\EyeCornersFinder.cpp">
      <Filter>Source Files</Filter>
    </ClCompile>
    <ClCompile Include="src\EyeCornersFinderZhu.cpp">
      <Filter>Source Files</Filter>
    </ClCompile>
    <ClCompile Include="src\EyeTracker.cpp">
      <Filter>Source Files</Filter>
    </ClCompile>
    <ClCompile Include="src\FloatSpinCtrl.cpp">
      <Filter>Source Files</Filter>
    </ClCompile>
    <ClCompile Include="src\FloatSpinSlider.cpp">
      <Filter>Source Files</Filter>
    </ClCompile>
    <ClCompile Include="src\FrameDiff.cpp">
      <Filter>Source Files</Filter>
    </ClCompile>
    <ClCompile Include="src\GazeTracker.cpp">
      <Filter>Source Files</Filter>
    </ClCompile>
    <ClCompile Include="src\GlobalConfig.cpp">
      <Filter>Source Files</Filter>
    </ClCompile>
    <ClCompile Include="src\GLView.cpp">
      <Filter>Source Files</Filter>
    </ClCompile>
    <ClCompile Include="src\HoughEllipseIrisFinder.cpp">
      <Filter>Source Files</Filter>
    </ClCompile>
    <ClCompile Include="src\ImgLib.cpp">
      <Filter>Source Files</Filter>
    </ClCompile>
    <ClCompile Include="src\InputController.cpp">
      <Filter>Source Files</Filter>
    </ClCompile>
    <ClCompile Include="src\InputControllerAbsolute.cpp">
      <Filter>Source Files</Filter>
    </ClCompile>
    <ClCompile Include="src\InputControllerRelative.cpp">
      <Filter>Source Files</Filter>
    </ClCompile>
    <ClCompile Include="src\IrisFinder.cpp">
      <Filter>Source Files</Filter>
    </ClCompile>
    <ClCompile Include="src\IrisFinderFit.cpp">
      <Filter>Source Files</Filter>
    </ClCompile>
    <ClCompile Include="src\IrisFinderHoughCircle.cpp">
      <Filter>Source Files</Filter>
    </ClCompile>
    <ClCompile Include="src\IrisFinderHoughEllipse.cpp">
      <Filter>Source Files</Filter>
    </ClCompile>
    <ClCompile Include="src\LandmarksFinder.cpp">
      <Filter>Source Files</Filter>
    </ClCompile>
    <ClCompile Include="src\LandmarksFinderGPF.cpp">
      <Filter>Source Files</Filter>
    </ClCompile>
    <ClCompile Include="src\LandmarksFinderNull.cpp">
      <Filter>Source Files</Filter>
    </ClCompile>
    <ClCompile Include="src\main.cpp">
      <Filter>Source Files</Filter>
    </ClCompile>
    <ClCompile Include="src\MainFrame.cpp">
      <Filter>Source Files</Filter>
    </ClCompile>
    <ClCompile Include="src\MyTextCtrl.cpp">
      <Filter>Source Files</Filter>
    </ClCompile>
    <ClCompile Include="src\Observable.cpp">
      <Filter>Source Files</Filter>
    </ClCompile>
    <ClCompile Include="src\OptionPane.cpp">
      <Filter>Source Files</Filter>
    </ClCompile>
    <ClCompile Include="src\Parameter.cpp">
      <Filter>Source Files</Filter>
    </ClCompile>
    <ClCompile Include="src\ParametersGroup.cpp">
      <Filter>Source Files</Filter>
    </ClCompile>
    <ClCompile Include="src\ParamSpinSlider.cpp">
      <Filter>Source Files</Filter>
    </ClCompile>
    <ClCompile Include="src\SizeData.cpp">
      <Filter>Source Files</Filter>
    </ClCompile>
    <ClCompile Include="src\SpinSlider.cpp">
      <Filter>Source Files</Filter>
    </ClCompile>
    <ClCompile Include="src\spline.cpp">
      <Filter>Source Files</Filter>
    </ClCompile>
    <ClCompile Include="src\StepCheckCand.cpp">
      <Filter>Source Files</Filter>
    </ClCompile>
    <ClCompile Include="src\StepCheckCandKawato.cpp">
      <Filter>Source Files</Filter>
    </ClCompile>
    <ClCompile Include="src\StepCheckCandKawatoNoSymmetry.cpp">
      <Filter>Source Files</Filter>
    </ClCompile>
    <ClCompile Include="src\StepDiff.cpp">
      <Filter>Source Files</Filter>
    </ClCompile>
    <ClCompile Include="src\StepDiff1st.cpp">
      <Filter>Source Files</Filter>
    </ClCompile>
    <ClCompile Include="src\StepDiffLDD.cpp">
      <Filter>Source Files</Filter>
    </ClCompile>
    <ClCompile Include="src\StepPrepr.cpp">
      <Filter>Source Files</Filter>
    </ClCompile>
    <ClCompile Include="src\StepPreprAdaptBin.cpp">
      <Filter>Source Files</Filter>
    </ClCompile>
    <ClCompile Include="src\StepPreprBin.cpp">
      <Filter>Source Files</Filter>
    </ClCompile>
    <ClCompile Include="src\StepPreprClean.cpp">
      <Filter>Source Files</Filter>
    </ClCompile>
    <ClCompile Include="src\StepPreprCvAdaptBin.cpp">
      <Filter>Source Files</Filter>
    </ClCompile>
    <ClCompile Include="src\StepPreprGray.cpp">
      <Filter>Source Files</Filter>
    </ClCompile>
    <ClCompile Include="src\StepPreprHue.cpp">
      <Filter>Source Files</Filter>
    </ClCompile>
    <ClCompile Include="src\StepPreprRed.cpp">
      <Filter>Source Files</Filter>
    </ClCompile>
    <ClCompile Include="src\StepSegmentate.cpp">
      <Filter>Source Files</Filter>
    </ClCompile>
    <ClCompile Include="src\StepSegmFFill.cpp">
      <Filter>Source Files</Filter>
    </ClCompile>
    <ClCompile Include="src\StepVerify.cpp">
      <Filter>Source Files</Filter>
    </ClCompile>
    <ClCompile Include="src\StepVerKawato.cpp">
      <Filter>Source Files</Filter>
    </ClCompile>
    <ClCompile Include="src\StereoCallback.cpp">
      <Filter>Source Files</Filter>
    </ClCompile>
    <ClCompile Include="src\Timer.cpp">
      <Filter>Source Files</Filter>
    </ClCompile>
    <ClCompile Include="src\TrackEventListener.cpp">
      <Filter>Source Files</Filter>
    </ClCompile>
    <ClCompile Include="src\TrackRunner.cpp">
      <Filter>Source Files</Filter>
    </ClCompile>
    <ClCompile Include="src\WinTrackEventListener.cpp">
      <Filter>Source Files</Filter>
    </ClCompile>
    <ClCompile Include="src\wxprec.cpp">
      <Filter>Source Files</Filter>
    </ClCompile>
  </ItemGroup>
  <ItemGroup>
    <ClInclude Include="src\3dModel.h">
      <Filter>Header Files</Filter>
    </ClInclude>
    <ClInclude Include="src\AlgorithmsGroup.h">
      <Filter>Header Files</Filter>
    </ClInclude>
    <ClInclude Include="src\AlgosPanel.h">
      <Filter>Header Files</Filter>
    </ClInclude>
    <ClInclude Include="src\BlinkDetector.h">
      <Filter>Header Files</Filter>
    </ClInclude>
    <ClInclude Include="src\BlinkDetectState.h">
      <Filter>Header Files</Filter>
    </ClInclude>
    <ClInclude Include="src\BTETrackState.h">
      <Filter>Header Files</Filter>
    </ClInclude>
    <ClInclude Include="src\CalibrationState.h">
      <Filter>Header Files</Filter>
    </ClInclude>
    <ClInclude Include="src\CameraInfo.h">
      <Filter>Header Files</Filter>
    </ClInclude>
    <ClInclude Include="src\EyeCornersFinder.h">
      <Filter>Header Files</Filter>
    </ClInclude>
    <ClInclude Include="src\EyeCornersFinderZhu.h">
      <Filter>Header Files</Filter>
    </ClInclude>
    <ClInclude Include="src\EyeTracker.h">
      <Filter>Header Files</Filter>
    </ClInclude>
    <ClInclude Include="src\FloatSpinCtrl.h">
      <Filter>Header Files</Filter>
    </ClInclude>
    <ClInclude Include="src\FloatSpinSlider.h">
      <Filter>Header Files</Filter>
    </ClInclude>
    <ClInclude Include="src\FrameDiff.h">
      <Filter>Header Files</Filter>
    </ClInclude>
    <ClInclude Include="src\GazeTracker.h">
      <Filter>Header Files</Filter>
    </ClInclude>
    <ClInclude Include="src\GlobalConfig.h">
      <Filter>Header Files</Filter>
    </ClInclude>
    <ClInclude Include="src\GLView.h">
      <Filter>Header Files</Filter>
    </ClInclude>
    <ClInclude Include="src\HoughEllipseIrisFinder.h">
      <Filter>Header Files</Filter>
    </ClInclude>
    <ClInclude Include="src\ImgLib.h">
      <Filter>Header Files</Filter>
    </ClInclude>
    <ClInclude Include="src\InputController.h">
      <Filter>Header Files</Filter>
    </ClInclude>
    <ClInclude Include="src\InputControllerAbsolute.h">
      <Filter>Header Files</Filter>
    </ClInclude>
    <ClInclude Include="src\InputControllerRelative.h">
      <Filter>Header Files</Filter>
    </ClInclude>
    <ClInclude Include="src\IrisFinder.h">
      <Filter>Header Files</Filter>
    </ClInclude>
    <ClInclude Include="src\IrisFinderFit.h">
      <Filter>Header Files</Filter>
    </ClInclude>
    <ClInclude Include="src\IrisFinderHoughCircle.h">
      <Filter>Header Files</Filter>
    </ClInclude>
    <ClInclude Include="src\IrisFinderHoughEllipse.h">
      <Filter>Header Files</Filter>
    </ClInclude>
    <ClInclude Include="src\LandmarksFinder.h">
      <Filter>Header Files</Filter>
    </ClInclude>
    <ClInclude Include="src\LandmarksFinderGPF.h">
      <Filter>Header Files</Filter>
    </ClInclude>
    <ClInclude Include="src\LandmarksFinderNull.h">
      <Filter>Header Files</Filter>
    </ClInclude>
    <ClInclude Include="src\MainFrame.h">
      <Filter>Header Files</Filter>
    </ClInclude>
    <ClInclude Include="src\MyTextCtrl.h">
      <Filter>Header Files</Filter>
    </ClInclude>
    <ClInclude Include="src\Observable.h">
      <Filter>Header Files</Filter>
    </ClInclude>
    <ClInclude Include="src\Observer.h">
      <Filter>Header Files</Filter>
    </ClInclude>
    <ClInclude Include="src\OptionPane.h">
      <Filter>Header Files</Filter>
    </ClInclude>
    <ClInclude Include="src\Parameter.h">
      <Filter>Header Files</Filter>
    </ClInclude>
    <ClInclude Include="src\ParametersGroup.h">
      <Filter>Header Files</Filter>
    </ClInclude>
    <ClInclude Include="src\ParamSpinSlider.h">
      <Filter>Header Files</Filter>
    </ClInclude>
    <ClInclude Include="src\SizeData.h">
      <Filter>Header Files</Filter>
    </ClInclude>
    <ClInclude Include="src\SpinSlider.h">
      <Filter>Header Files</Filter>
    </ClInclude>
    <ClInclude Include="src\spline.H">
      <Filter>Header Files</Filter>
    </ClInclude>
    <ClInclude Include="src\StepCheckCand.h">
      <Filter>Header Files</Filter>
    </ClInclude>
    <ClInclude Include="src\StepCheckCandKawato.h">
      <Filter>Header Files</Filter>
    </ClInclude>
    <ClInclude Include="src\StepCheckCandKawatoNoSymmetry.h">
      <Filter>Header Files</Filter>
    </ClInclude>
    <ClInclude Include="src\StepDiff.h">
      <Filter>Header Files</Filter>
    </ClInclude>
    <ClInclude Include="src\StepDiff1st.h">
      <Filter>Header Files</Filter>
    </ClInclude>
    <ClInclude Include="src\StepDiffLDD.h">
      <Filter>Header Files</Filter>
    </ClInclude>
    <ClInclude Include="src\StepPrepr.h">
      <Filter>Header Files</Filter>
    </ClInclude>
    <ClInclude Include="src\StepPreprAdaptBin.h">
      <Filter>Header Files</Filter>
    </ClInclude>
    <ClInclude Include="src\StepPreprBin.h">
      <Filter>Header Files</Filter>
    </ClInclude>
    <ClInclude Include="src\StepPreprClean.h">
      <Filter>Header Files</Filter>
    </ClInclude>
    <ClInclude Include="src\StepPreprCvAdaptBin.h">
      <Filter>Header Files</Filter>
    </ClInclude>
    <ClInclude Include="src\StepPreprGray.h">
      <Filter>Header Files</Filter>
    </ClInclude>
    <ClInclude Include="src\StepPreprHue.h">
      <Filter>Header Files</Filter>
    </ClInclude>
    <ClInclude Include="src\StepPreprRed.h">
      <Filter>Header Files</Filter>
    </ClInclude>
    <ClInclude Include="src\StepSegmentate.h">
      <Filter>Header Files</Filter>
    </ClInclude>
    <ClInclude Include="src\StepSegmFFill.h">
      <Filter>Header Files</Filter>
    </ClInclude>
    <ClInclude Include="src\StepVerify.h">
      <Filter>Header Files</Filter>
    </ClInclude>
    <ClInclude Include="src\StepVerKawato.h">
      <Filter>Header Files</Filter>
    </ClInclude>
    <ClInclude Include="src\StereoCallback.h">
      <Filter>Header Files</Filter>
    </ClInclude>
    <ClInclude Include="src\Timer.h">
      <Filter>Header Files</Filter>
    </ClInclude>
    <ClInclude Include="src\TrackerState.h">
      <Filter>Header Files</Filter>
    </ClInclude>
    <ClInclude Include="src\TrackEventListener.h">
      <Filter>Header Files</Filter>
    </ClInclude>
    <ClInclude Include="src\TrackRunner.h">
      <Filter>Header Files</Filter>
    </ClInclude>
    <ClInclude Include="src\WinTrackEventListener.h">
      <Filter>Header Files</Filter>
    </ClInclude>
    <ClInclude Include="src\wxprec.h">
      <Filter>Header Files</Filter>
    </ClInclude>
  </ItemGroup>
  <ItemGroup>
    <None Include="rc\wx\msw\blank.cur">
      <Filter>Resource Files</Filter>
    </None>
    <None Include="rc\wx\msw\bullseye.cur">
      <Filter>Resource Files</Filter>
    </None>
    <None Include="rc\wx\msw\cross.cur">
      <Filter>Resource Files</Filter>
    </None>
    <None Include="rc\wx\msw\hand.cur">
      <Filter>Resource Files</Filter>
    </None>
    <None Include="rc\wx\msw\magnif1.cur">
      <Filter>Resource Files</Filter>
    </None>
    <None Include="rc\wx\msw\noentry.cur">
      <Filter>Resource Files</Filter>
    </None>
    <None Include="rc\wx\msw\pbrush.cur">
      <Filter>Resource Files</Filter>
    </None>
    <None Include="rc\wx\msw\pencil.cur">
      <Filter>Resource Files</Filter>
    </None>
    <None Include="rc\wx\msw\pntleft.cur">
      <Filter>Resource Files</Filter>
    </None>
    <None Include="rc\wx\msw\pntright.cur">
      <Filter>Resource Files</Filter>
    </None>
    <None Include="rc\wx\msw\query.cur">
      <Filter>Resource Files</Filter>
    </None>
    <None Include="rc\wx\msw\rightarr.cur">
      <Filter>Resource Files</Filter>
    </None>
    <None Include="rc\wx\msw\roller.cur">
      <Filter>Resource Files</Filter>
    </None>
    <None Include="rc\wx\msw\watch1.cur">
      <Filter>Resource Files</Filter>
    </None>
  </ItemGroup>
  <ItemGroup>
    <Image Include="rc\wx\msw\cdrom.ico">
      <Filter>Resource Files</Filter>
    </Image>
    <Image Include="rc\wx\msw\computer.ico">
      <Filter>Resource Files</Filter>
    </Image>
    <Image Include="rc\wx\msw\drive.ico">
      <Filter>Resource Files</Filter>
    </Image>
    <Image Include="rc\wx\msw\file1.ico">
      <Filter>Resource Files</Filter>
    </Image>
    <Image Include="rc\wx\msw\floppy.ico">
      <Filter>Resource Files</Filter>
    </Image>
    <Image Include="rc\wx\msw\folder1.ico">
      <Filter>Resource Files</Filter>
    </Image>
    <Image Include="rc\wx\msw\folder2.ico">
      <Filter>Resource Files</Filter>
    </Image>
    <Image Include="rc\wx\msw\removble.ico">
      <Filter>Resource Files</Filter>
    </Image>
  </ItemGroup>
  <ItemGroup>
    <ResourceCompile Include="rc\GazeTracker.rc">
      <Filter>Resource Files</Filter>
    </ResourceCompile>
  </ItemGroup>
</Project>